
Microsoft Visual Studio Solution File, Format Version 12.00
# Visual Studio Version 17
VisualStudioVersion = 17.0.31903.59
MinimumVisualStudioVersion = 10.0.40219.1
Project("{FAE04EC0-301F-11D3-BF4B-00C04F79EFBC}") = "Tomat.Testament.API", "Tomat.Testament.API\Tomat.Testament.API.csproj", "{BEA2C3E7-495A-4E71-AF4A-60F2A441B59E}"
EndProject
Project("{8BC9CEB8-8B4A-11D0-8D11-00A0C91BC942}") = "Tomat.Testament.Lua", "Tomat.Testament.Lua\Tomat.Testament.Lua.vcxproj", "{5F44B596-8FE3-4F68-B055-9B6D2006DA40}"
EndProject
Project("{FAE04EC0-301F-11D3-BF4B-00C04F79EFBC}") = "Tomat.Testament", "Tomat.Testament\Tomat.Testament.csproj", "{8C1E47DA-FF26-4E2C-AA90-B5FE25DAE14C}"
EndProject
Project("{2150E333-8FDC-42A3-9474-1A3956D46DE8}") = "shared", "shared", "{04335762-1D70-49B3-88FA-FA594A979BB4}"
	ProjectSection(SolutionItems) = preProject
		paths.targets = paths.targets
	EndProjectSection
EndProject
Global
	GlobalSection(SolutionConfigurationPlatforms) = preSolution
		Debug|Any CPU = Debug|Any CPU
		Release|Any CPU = Release|Any CPU
	EndGlobalSection
	GlobalSection(SolutionProperties) = preSolution
		HideSolutionNode = FALSE
	EndGlobalSection
	GlobalSection(ProjectConfigurationPlatforms) = postSolution
		{BEA2C3E7-495A-4E71-AF4A-60F2A441B59E}.Debug|Any CPU.ActiveCfg = Debug|Any CPU
		{BEA2C3E7-495A-4E71-AF4A-60F2A441B59E}.Debug|Any CPU.Build.0 = Debug|Any CPU
		{BEA2C3E7-495A-4E71-AF4A-60F2A441B59E}.Release|Any CPU.ActiveCfg = Release|Any CPU
		{BEA2C3E7-495A-4E71-AF4A-60F2A441B59E}.Release|Any CPU.Build.0 = Release|Any CPU
		{5F44B596-8FE3-4F68-B055-9B6D2006DA40}.Debug|Any CPU.ActiveCfg = Debug|Win32
		{5F44B596-8FE3-4F68-B055-9B6D2006DA40}.Debug|Any CPU.Build.0 = Debug|Win32
		{5F44B596-8FE3-4F68-B055-9B6D2006DA40}.Release|Any CPU.ActiveCfg = Release|Win32
		{5F44B596-8FE3-4F68-B055-9B6D2006DA40}.Release|Any CPU.Build.0 = Release|Win32
		{8C1E47DA-FF26-4E2C-AA90-B5FE25DAE14C}.Debug|Any CPU.ActiveCfg = Debug|Any CPU
		{8C1E47DA-FF26-4E2C-AA90-B5FE25DAE14C}.Debug|Any CPU.Build.0 = Debug|Any CPU
		{8C1E47DA-FF26-4E2C-AA90-B5FE25DAE14C}.Release|Any CPU.ActiveCfg = Release|Any CPU
		{8C1E47DA-FF26-4E2C-AA90-B5FE25DAE14C}.Release|Any CPU.Build.0 = Release|Any CPU
	EndGlobalSection
EndGlobal
